# @generated by Move, please check-in and do not edit manually.

[move]
version = 3
manifest_digest = "C90264F16732FD8756EEEC89FFB74FC239E8C7E6F6FF7EB43F7F450C42B192CC"
deps_digest = "F9B494B64F0615AED0E98FC12A85B85ECD2BC5185C22D30E7F67786BB52E507C"
dependencies = [
  { id = "Bridge", name = "Bridge" },
  { id = "MoveStdlib", name = "MoveStdlib" },
  { id = "Sui", name = "Sui" },
  { id = "SuiSystem", name = "SuiSystem" },
]

[[move.package]]
id = "Bridge"
source = { git = "https://github.com/MystenLabs/sui.git", rev = "b5633abb4177", subdir = "crates/sui-framework/packages/bridge" }

dependencies = [
  { id = "MoveStdlib", name = "MoveStdlib" },
  { id = "Sui", name = "Sui" },
  { id = "SuiSystem", name = "SuiSystem" },
]

[[move.package]]
id = "MoveStdlib"
source = { git = "https://github.com/MystenLabs/sui.git", rev = "b5633abb4177", subdir = "crates/sui-framework/packages/move-stdlib" }

[[move.package]]
id = "Sui"
source = { git = "https://github.com/MystenLabs/sui.git", rev = "b5633abb4177", subdir = "crates/sui-framework/packages/sui-framework" }

dependencies = [
  { id = "MoveStdlib", name = "MoveStdlib" },
]

[[move.package]]
id = "SuiSystem"
source = { git = "https://github.com/MystenLabs/sui.git", rev = "b5633abb4177", subdir = "crates/sui-framework/packages/sui-system" }

dependencies = [
  { id = "MoveStdlib", name = "MoveStdlib" },
  { id = "Sui", name = "Sui" },
]

[move.toolchain-version]
compiler-version = "1.49.1"
edition = "2024.beta"
flavor = "sui"

[env]

[env.local]
chain-id = "f409dc8f"
original-published-id = "0x27c441ba201d907809c27528aae8c4068d6671af213cc1f2be5619239a51081d"
latest-published-id = "0x27c441ba201d907809c27528aae8c4068d6671af213cc1f2be5619239a51081d"
published-version = "1"

[env.testnet]
chain-id = "4c78adac"
original-published-id = "0x00d25088e8f086ac8d2c6ba8ef8130339bb317fdf48bb5d804a1552413a8793f"
latest-published-id = "0x00d25088e8f086ac8d2c6ba8ef8130339bb317fdf48bb5d804a1552413a8793f"
published-version = "1"
